// !$*UTF8*$!
{
	archiveVersion = 1;
	classes = {
	};
	objectVersion = 50;
	objects = {

/* Begin PBXBuildFile section */
		2456B3612602F8ED0090E379 /* ViewController.swift in Sources */ = {isa = PBXBuildFile; fileRef = 2456B34E2602ED140090E379 /* ViewController.swift */; };
		2456B3622602F8ED0090E379 /* AppDelegate.swift in Sources */ = {isa = PBXBuildFile; fileRef = 2456B34A2602ED140090E379 /* AppDelegate.swift */; };
		2456B3632602F8ED0090E379 /* SceneDelegate.swift in Sources */ = {isa = PBXBuildFile; fileRef = 2456B34C2602ED140090E379 /* SceneDelegate.swift */; };
		2456B3662602F8ED0090E379 /* LaunchScreen.storyboard in Resources */ = {isa = PBXBuildFile; fileRef = 2456B3552602ED170090E379 /* LaunchScreen.storyboard */; };
		2456B3672602F8ED0090E379 /* Assets.xcassets in Resources */ = {isa = PBXBuildFile; fileRef = 2456B3532602ED170090E379 /* Assets.xcassets */; };
		2456B3682602F8ED0090E379 /* Main.storyboard in Resources */ = {isa = PBXBuildFile; fileRef = 2456B3502602ED140090E379 /* Main.storyboard */; };
		2456B3AD26032BE60090E379 /* ViewController.swift in Sources */ = {isa = PBXBuildFile; fileRef = 2456B34E2602ED140090E379 /* ViewController.swift */; };
		2456B3AE26032BE60090E379 /* AppDelegate.swift in Sources */ = {isa = PBXBuildFile; fileRef = 2456B34A2602ED140090E379 /* AppDelegate.swift */; };
		2456B3AF26032BE60090E379 /* SceneDelegate.swift in Sources */ = {isa = PBXBuildFile; fileRef = 2456B34C2602ED140090E379 /* SceneDelegate.swift */; };
		2456B3B226032BE60090E379 /* LaunchScreen.storyboard in Resources */ = {isa = PBXBuildFile; fileRef = 2456B3552602ED170090E379 /* LaunchScreen.storyboard */; };
		2456B3B326032BE60090E379 /* Assets.xcassets in Resources */ = {isa = PBXBuildFile; fileRef = 2456B3532602ED170090E379 /* Assets.xcassets */; };
		2456B3B426032BE60090E379 /* Main.storyboard in Resources */ = {isa = PBXBuildFile; fileRef = 2456B3502602ED140090E379 /* Main.storyboard */; };
		2456B3C326032DD10090E379 /* Add.storyboard in Resources */ = {isa = PBXBuildFile; fileRef = 2456B3C226032DD10090E379 /* Add.storyboard */; };
		2456B3C726032E680090E379 /* Transactions.storyboard in Resources */ = {isa = PBXBuildFile; fileRef = 2456B3C626032E680090E379 /* Transactions.storyboard */; };
		2456B3CB26032F5F0090E379 /* Statistics.storyboard in Resources */ = {isa = PBXBuildFile; fileRef = 2456B3CA26032F5F0090E379 /* Statistics.storyboard */; };
		2456B3CF26032F9C0090E379 /* Budget.storyboard in Resources */ = {isa = PBXBuildFile; fileRef = 2456B3CE26032F9C0090E379 /* Budget.storyboard */; };
		2456B3D326032FC00090E379 /* Profile.storyboard in Resources */ = {isa = PBXBuildFile; fileRef = 2456B3D226032FC00090E379 /* Profile.storyboard */; };
		2456B3D726033D380090E379 /* SignIn.storyboard in Resources */ = {isa = PBXBuildFile; fileRef = 2456B3D626033D380090E379 /* SignIn.storyboard */; };
/* End PBXBuildFile section */

/* Begin PBXFileReference section */
		2456B34A2602ED140090E379 /* AppDelegate.swift */ = {isa = PBXFileReference; lastKnownFileType = sourcecode.swift; path = AppDelegate.swift; sourceTree = "<group>"; };
		2456B34C2602ED140090E379 /* SceneDelegate.swift */ = {isa = PBXFileReference; lastKnownFileType = sourcecode.swift; path = SceneDelegate.swift; sourceTree = "<group>"; };
		2456B34E2602ED140090E379 /* ViewController.swift */ = {isa = PBXFileReference; lastKnownFileType = sourcecode.swift; path = ViewController.swift; sourceTree = "<group>"; };
		2456B3512602ED140090E379 /* Base */ = {isa = PBXFileReference; lastKnownFileType = file.storyboard; name = Base; path = Base.lproj/Main.storyboard; sourceTree = "<group>"; };
		2456B3532602ED170090E379 /* Assets.xcassets */ = {isa = PBXFileReference; lastKnownFileType = folder.assetcatalog; path = Assets.xcassets; sourceTree = "<group>"; };
		2456B3562602ED170090E379 /* Base */ = {isa = PBXFileReference; lastKnownFileType = file.storyboard; name = Base; path = Base.lproj/LaunchScreen.storyboard; sourceTree = "<group>"; };
		2456B3582602ED170090E379 /* Info.plist */ = {isa = PBXFileReference; lastKnownFileType = text.plist.xml; path = Info.plist; sourceTree = "<group>"; };
		2456B36C2602F8ED0090E379 /* production.app */ = {isa = PBXFileReference; explicitFileType = wrapper.application; includeInIndex = 0; path = production.app; sourceTree = BUILT_PRODUCTS_DIR; };
		2456B36D2602F8EE0090E379 /* finance copy-Info.plist */ = {isa = PBXFileReference; lastKnownFileType = text.plist.xml; name = "finance copy-Info.plist"; path = "/Users/ivanmosquera/Desktop/Cursos/iOS interfaces/finance/finance copy-Info.plist"; sourceTree = "<absolute>"; };
		2456B3712602F9770090E379 /* MapKit.framework */ = {isa = PBXFileReference; lastKnownFileType = wrapper.framework; name = MapKit.framework; path = System/Library/Frameworks/MapKit.framework; sourceTree = SDKROOT; };
		2456B3B826032BE60090E379 /* finance.app */ = {isa = PBXFileReference; explicitFileType = wrapper.application; includeInIndex = 0; path = finance.app; sourceTree = BUILT_PRODUCTS_DIR; };
		2456B3B926032BE70090E379 /* production copy-Info.plist */ = {isa = PBXFileReference; lastKnownFileType = text.plist.xml; name = "production copy-Info.plist"; path = "/Users/ivanmosquera/Desktop/Cursos/iOS interfaces/finance/production copy-Info.plist"; sourceTree = "<absolute>"; };
		2456B3C226032DD10090E379 /* Add.storyboard */ = {isa = PBXFileReference; lastKnownFileType = file.storyboard; path = Add.storyboard; sourceTree = "<group>"; };
		2456B3C626032E680090E379 /* Transactions.storyboard */ = {isa = PBXFileReference; lastKnownFileType = file.storyboard; path = Transactions.storyboard; sourceTree = "<group>"; };
		2456B3CA26032F5F0090E379 /* Statistics.storyboard */ = {isa = PBXFileReference; lastKnownFileType = file.storyboard; path = Statistics.storyboard; sourceTree = "<group>"; };
		2456B3CE26032F9C0090E379 /* Budget.storyboard */ = {isa = PBXFileReference; lastKnownFileType = file.storyboard; path = Budget.storyboard; sourceTree = "<group>"; };
		2456B3D226032FC00090E379 /* Profile.storyboard */ = {isa = PBXFileReference; lastKnownFileType = file.storyboard; path = Profile.storyboard; sourceTree = "<group>"; };
		2456B3D626033D380090E379 /* SignIn.storyboard */ = {isa = PBXFileReference; lastKnownFileType = file.storyboard; path = SignIn.storyboard; sourceTree = "<group>"; };
/* End PBXFileReference section */

/* Begin PBXFrameworksBuildPhase section */
		2456B3642602F8ED0090E379 /* Frameworks */ = {
			isa = PBXFrameworksBuildPhase;
			buildActionMask = 2147483647;
			files = (
			);
			runOnlyForDeploymentPostprocessing = 0;
		};
		2456B3B026032BE60090E379 /* Frameworks */ = {
			isa = PBXFrameworksBuildPhase;
			buildActionMask = 2147483647;
			files = (
			);
			runOnlyForDeploymentPostprocessing = 0;
		};
/* End PBXFrameworksBuildPhase section */

/* Begin PBXGroup section */
		2456B33E2602ED140090E379 = {
			isa = PBXGroup;
			children = (
				2456B3492602ED140090E379 /* finance */,
				2456B3482602ED140090E379 /* Products */,
				2456B3702602F9770090E379 /* Frameworks */,
				2456B3B926032BE70090E379 /* production copy-Info.plist */,
			);
			sourceTree = "<group>";
		};
		2456B3482602ED140090E379 /* Products */ = {
			isa = PBXGroup;
			children = (
				2456B36C2602F8ED0090E379 /* production.app */,
				2456B3B826032BE60090E379 /* finance.app */,
			);
			name = Products;
			sourceTree = "<group>";
		};
		2456B3492602ED140090E379 /* finance */ = {
			isa = PBXGroup;
			children = (
				2456B3772602FB200090E379 /* Resources */,
				2456B3742602FAFB0090E379 /* Base */,
				2456B3732602FAE20090E379 /* Application */,
				2456B34C2602ED140090E379 /* SceneDelegate.swift */,
			);
			path = finance;
			sourceTree = "<group>";
		};
		2456B3702602F9770090E379 /* Frameworks */ = {
			isa = PBXGroup;
			children = (
				2456B3712602F9770090E379 /* MapKit.framework */,
			);
			name = Frameworks;
			sourceTree = "<group>";
		};
		2456B3732602FAE20090E379 /* Application */ = {
			isa = PBXGroup;
			children = (
				2456B3792602FB500090E379 /* Main */,
				2456B3782602FB410090E379 /* Authentication */,
			);
			path = Application;
			sourceTree = "<group>";
		};
		2456B3742602FAFB0090E379 /* Base */ = {
			isa = PBXGroup;
			children = (
				2456B34A2602ED140090E379 /* AppDelegate.swift */,
				2456B3582602ED170090E379 /* Info.plist */,
				2456B36D2602F8EE0090E379 /* finance copy-Info.plist */,
				2456B3552602ED170090E379 /* LaunchScreen.storyboard */,
			);
			path = Base;
			sourceTree = "<group>";
		};
		2456B3772602FB200090E379 /* Resources */ = {
			isa = PBXGroup;
			children = (
				2456B3532602ED170090E379 /* Assets.xcassets */,
			);
			path = Resources;
			sourceTree = "<group>";
		};
		2456B3782602FB410090E379 /* Authentication */ = {
			isa = PBXGroup;
			children = (
				2456B37B2602FB680090E379 /* Sign In */,
				2456B37A2602FB570090E379 /* Onboarding */,
			);
			path = Authentication;
			sourceTree = "<group>";
		};
		2456B3792602FB500090E379 /* Main */ = {
			isa = PBXGroup;
			children = (
				2456B38B260328F90090E379 /* Add */,
				2456B38A260328EF0090E379 /* Statistics */,
				2456B387260328E20090E379 /* Budget */,
				2456B37E2602FB900090E379 /* Main */,
				2456B37D2602FB860090E379 /* Profile */,
				2456B37C2602FB770090E379 /* Transactions */,
			);
			path = Main;
			sourceTree = "<group>";
		};
		2456B37A2602FB570090E379 /* Onboarding */ = {
			isa = PBXGroup;
			children = (
			);
			path = Onboarding;
			sourceTree = "<group>";
		};
		2456B37B2602FB680090E379 /* Sign In */ = {
			isa = PBXGroup;
			children = (
				2456B3D626033D380090E379 /* SignIn.storyboard */,
			);
			path = "Sign In";
			sourceTree = "<group>";
		};
		2456B37C2602FB770090E379 /* Transactions */ = {
			isa = PBXGroup;
			children = (
				2456B3C626032E680090E379 /* Transactions.storyboard */,
			);
			path = Transactions;
			sourceTree = "<group>";
		};
		2456B37D2602FB860090E379 /* Profile */ = {
			isa = PBXGroup;
			children = (
				2456B3D226032FC00090E379 /* Profile.storyboard */,
			);
			path = Profile;
			sourceTree = "<group>";
		};
		2456B37E2602FB900090E379 /* Main */ = {
			isa = PBXGroup;
			children = (
				2456B34E2602ED140090E379 /* ViewController.swift */,
				2456B3502602ED140090E379 /* Main.storyboard */,
			);
			path = Main;
			sourceTree = "<group>";
		};
		2456B387260328E20090E379 /* Budget */ = {
			isa = PBXGroup;
			children = (
				2456B3CE26032F9C0090E379 /* Budget.storyboard */,
			);
			path = Budget;
			sourceTree = "<group>";
		};
		2456B38A260328EF0090E379 /* Statistics */ = {
			isa = PBXGroup;
			children = (
				2456B3CA26032F5F0090E379 /* Statistics.storyboard */,
			);
			path = Statistics;
			sourceTree = "<group>";
		};
		2456B38B260328F90090E379 /* Add */ = {
			isa = PBXGroup;
			children = (
				2456B3C226032DD10090E379 /* Add.storyboard */,
			);
			path = Add;
			sourceTree = "<group>";
		};
/* End PBXGroup section */

/* Begin PBXNativeTarget section */
		2456B35F2602F8ED0090E379 /* production */ = {
			isa = PBXNativeTarget;
			buildConfigurationList = 2456B3692602F8ED0090E379 /* Build configuration list for PBXNativeTarget "production" */;
			buildPhases = (
				2456B3602602F8ED0090E379 /* Sources */,
				2456B3642602F8ED0090E379 /* Frameworks */,
				2456B3652602F8ED0090E379 /* Resources */,
			);
			buildRules = (
			);
			dependencies = (
			);
			name = production;
			productName = finance;
			productReference = 2456B36C2602F8ED0090E379 /* production.app */;
			productType = "com.apple.product-type.application";
		};
		2456B3AB26032BE60090E379 /* finance */ = {
			isa = PBXNativeTarget;
			buildConfigurationList = 2456B3B526032BE60090E379 /* Build configuration list for PBXNativeTarget "finance" */;
			buildPhases = (
				2456B3AC26032BE60090E379 /* Sources */,
				2456B3B026032BE60090E379 /* Frameworks */,
				2456B3B126032BE60090E379 /* Resources */,
			);
			buildRules = (
			);
			dependencies = (
			);
			name = finance;
			productName = finance;
			productReference = 2456B3B826032BE60090E379 /* finance.app */;
			productType = "com.apple.product-type.application";
		};
/* End PBXNativeTarget section */

/* Begin PBXProject section */
		2456B33F2602ED140090E379 /* Project object */ = {
			isa = PBXProject;
			attributes = {
				LastSwiftUpdateCheck = 1240;
				LastUpgradeCheck = 1240;
			};
			buildConfigurationList = 2456B3422602ED140090E379 /* Build configuration list for PBXProject "finance" */;
			compatibilityVersion = "Xcode 9.3";
			developmentRegion = en;
			hasScannedForEncodings = 0;
			knownRegions = (
				en,
				Base,
			);
			mainGroup = 2456B33E2602ED140090E379;
			productRefGroup = 2456B3482602ED140090E379 /* Products */;
			projectDirPath = "";
			projectRoot = "";
			targets = (
				2456B35F2602F8ED0090E379 /* production */,
				2456B3AB26032BE60090E379 /* finance */,
			);
		};
/* End PBXProject section */

/* Begin PBXResourcesBuildPhase section */
		2456B3652602F8ED0090E379 /* Resources */ = {
			isa = PBXResourcesBuildPhase;
			buildActionMask = 2147483647;
			files = (
				2456B3662602F8ED0090E379 /* LaunchScreen.storyboard in Resources */,
				2456B3672602F8ED0090E379 /* Assets.xcassets in Resources */,
				2456B3682602F8ED0090E379 /* Main.storyboard in Resources */,
			);
			runOnlyForDeploymentPostprocessing = 0;
		};
		2456B3B126032BE60090E379 /* Resources */ = {
			isa = PBXResourcesBuildPhase;
			buildActionMask = 2147483647;
			files = (
				2456B3B226032BE60090E379 /* LaunchScreen.storyboard in Resources */,
				2456B3B326032BE60090E379 /* Assets.xcassets in Resources */,
				2456B3D326032FC00090E379 /* Profile.storyboard in Resources */,
				2456B3C326032DD10090E379 /* Add.storyboard in Resources */,
				2456B3D726033D380090E379 /* SignIn.storyboard in Resources */,
				2456B3CB26032F5F0090E379 /* Statistics.storyboard in Resources */,
				2456B3B426032BE60090E379 /* Main.storyboard in Resources */,
				2456B3CF26032F9C0090E379 /* Budget.storyboard in Resources */,
				2456B3C726032E680090E379 /* Transactions.storyboard in Resources */,
			);
			runOnlyForDeploymentPostprocessing = 0;
		};
/* End PBXResourcesBuildPhase section */

/* Begin PBXSourcesBuildPhase section */
		2456B3602602F8ED0090E379 /* Sources */ = {
			isa = PBXSourcesBuildPhase;
			buildActionMask = 2147483647;
			files = (
				2456B3612602F8ED0090E379 /* ViewController.swift in Sources */,
				2456B3622602F8ED0090E379 /* AppDelegate.swift in Sources */,
				2456B3632602F8ED0090E379 /* SceneDelegate.swift in Sources */,
			);
			runOnlyForDeploymentPostprocessing = 0;
		};
		2456B3AC26032BE60090E379 /* Sources */ = {
			isa = PBXSourcesBuildPhase;
			buildActionMask = 2147483647;
			files = (
				2456B3AD26032BE60090E379 /* ViewController.swift in Sources */,
				2456B3AE26032BE60090E379 /* AppDelegate.swift in Sources */,
				2456B3AF26032BE60090E379 /* SceneDelegate.swift in Sources */,
			);
			runOnlyForDeploymentPostprocessing = 0;
		};
/* End PBXSourcesBuildPhase section */

/* Begin PBXVariantGroup section */
		2456B3502602ED140090E379 /* Main.storyboard */ = {
			isa = PBXVariantGroup;
			children = (
				2456B3512602ED140090E379 /* Base */,
			);
			name = Main.storyboard;
			sourceTree = "<group>";
		};
		2456B3552602ED170090E379 /* LaunchScreen.storyboard */ = {
			isa = PBXVariantGroup;
			children = (
				2456B3562602ED170090E379 /* Base */,
			);
			name = LaunchScreen.storyboard;
			sourceTree = "<group>";
		};
/* End PBXVariantGroup section */

/* Begin XCBuildConfiguration section */
		2456B3592602ED170090E379 /* Debug */ = {
			isa = XCBuildConfiguration;
			buildSettings = {
				ALWAYS_SEARCH_USER_PATHS = NO;
				CLANG_ANALYZER_NONNULL = YES;
				CLANG_ANALYZER_NUMBER_OBJECT_CONVERSION = YES_AGGRESSIVE;
				CLANG_CXX_LANGUAGE_STANDARD = "gnu++14";
				CLANG_CXX_LIBRARY = "libc++";
				CLANG_ENABLE_MODULES = YES;
				CLANG_ENABLE_OBJC_ARC = YES;
				CLANG_ENABLE_OBJC_WEAK = YES;
				CLANG_WARN_BLOCK_CAPTURE_AUTORELEASING = YES;
				CLANG_WARN_BOOL_CONVERSION = YES;
				CLANG_WARN_COMMA = YES;
				CLANG_WARN_CONSTANT_CONVERSION = YES;
				CLANG_WARN_DEPRECATED_OBJC_IMPLEMENTATIONS = YES;
				CLANG_WARN_DIRECT_OBJC_ISA_USAGE = YES_ERROR;
				CLANG_WARN_DOCUMENTATION_COMMENTS = YES;
				CLANG_WARN_EMPTY_BODY = YES;
				CLANG_WARN_ENUM_CONVERSION = YES;
				CLANG_WARN_INFINITE_RECURSION = YES;
				CLANG_WARN_INT_CONVERSION = YES;
				CLANG_WARN_NON_LITERAL_NULL_CONVERSION = YES;
				CLANG_WARN_OBJC_IMPLICIT_RETAIN_SELF = YES;
				CLANG_WARN_OBJC_LITERAL_CONVERSION = YES;
				CLANG_WARN_OBJC_ROOT_CLASS = YES_ERROR;
				CLANG_WARN_QUOTED_INCLUDE_IN_FRAMEWORK_HEADER = YES;
				CLANG_WARN_RANGE_LOOP_ANALYSIS = YES;
				CLANG_WARN_STRICT_PROTOTYPES = YES;
				CLANG_WARN_SUSPICIOUS_MOVE = YES;
				CLANG_WARN_UNGUARDED_AVAILABILITY = YES_AGGRESSIVE;
				CLANG_WARN_UNREACHABLE_CODE = YES;
				CLANG_WARN__DUPLICATE_METHOD_MATCH = YES;
				COPY_PHASE_STRIP = NO;
				DEBUG_INFORMATION_FORMAT = dwarf;
				ENABLE_STRICT_OBJC_MSGSEND = YES;
				ENABLE_TESTABILITY = YES;
				GCC_C_LANGUAGE_STANDARD = gnu11;
				GCC_DYNAMIC_NO_PIC = NO;
				GCC_NO_COMMON_BLOCKS = YES;
				GCC_OPTIMIZATION_LEVEL = 0;
				GCC_PREPROCESSOR_DEFINITIONS = (
					"DEBUG=1",
					"$(inherited)",
				);
				GCC_WARN_64_TO_32_BIT_CONVERSION = YES;
				GCC_WARN_ABOUT_RETURN_TYPE = YES_ERROR;
				GCC_WARN_UNDECLARED_SELECTOR = YES;
				GCC_WARN_UNINITIALIZED_AUTOS = YES_AGGRESSIVE;
				GCC_WARN_UNUSED_FUNCTION = YES;
				GCC_WARN_UNUSED_VARIABLE = YES;
				IPHONEOS_DEPLOYMENT_TARGET = 14.4;
				MTL_ENABLE_DEBUG_INFO = INCLUDE_SOURCE;
				MTL_FAST_MATH = YES;
				ONLY_ACTIVE_ARCH = YES;
				SDKROOT = iphoneos;
				SWIFT_ACTIVE_COMPILATION_CONDITIONS = DEBUG;
				SWIFT_OPTIMIZATION_LEVEL = "-Onone";
			};
			name = Debug;
		};
		2456B35A2602ED170090E379 /* Release */ = {
			isa = XCBuildConfiguration;
			buildSettings = {
				ALWAYS_SEARCH_USER_PATHS = NO;
				CLANG_ANALYZER_NONNULL = YES;
				CLANG_ANALYZER_NUMBER_OBJECT_CONVERSION = YES_AGGRESSIVE;
				CLANG_CXX_LANGUAGE_STANDARD = "gnu++14";
				CLANG_CXX_LIBRARY = "libc++";
				CLANG_ENABLE_MODULES = YES;
				CLANG_ENABLE_OBJC_ARC = YES;
				CLANG_ENABLE_OBJC_WEAK = YES;
				CLANG_WARN_BLOCK_CAPTURE_AUTORELEASING = YES;
				CLANG_WARN_BOOL_CONVERSION = YES;
				CLANG_WARN_COMMA = YES;
				CLANG_WARN_CONSTANT_CONVERSION = YES;
				CLANG_WARN_DEPRECATED_OBJC_IMPLEMENTATIONS = YES;
				CLANG_WARN_DIRECT_OBJC_ISA_USAGE = YES_ERROR;
				CLANG_WARN_DOCUMENTATION_COMMENTS = YES;
				CLANG_WARN_EMPTY_BODY = YES;
				CLANG_WARN_ENUM_CONVERSION = YES;
				CLANG_WARN_INFINITE_RECURSION = YES;
				CLANG_WARN_INT_CONVERSION = YES;
				CLANG_WARN_NON_LITERAL_NULL_CONVERSION = YES;
				CLANG_WARN_OBJC_IMPLICIT_RETAIN_SELF = YES;
				CLANG_WARN_OBJC_LITERAL_CONVERSION = YES;
				CLANG_WARN_OBJC_ROOT_CLASS = YES_ERROR;
				CLANG_WARN_QUOTED_INCLUDE_IN_FRAMEWORK_HEADER = YES;
				CLANG_WARN_RANGE_LOOP_ANALYSIS = YES;
				CLANG_WARN_STRICT_PROTOTYPES = YES;
				CLANG_WARN_SUSPICIOUS_MOVE = YES;
				CLANG_WARN_UNGUARDED_AVAILABILITY = YES_AGGRESSIVE;
				CLANG_WARN_UNREACHABLE_CODE = YES;
				CLANG_WARN__DUPLICATE_METHOD_MATCH = YES;
				COPY_PHASE_STRIP = NO;
				DEBUG_INFORMATION_FORMAT = "dwarf-with-dsym";
				ENABLE_NS_ASSERTIONS = NO;
				ENABLE_STRICT_OBJC_MSGSEND = YES;
				GCC_C_LANGUAGE_STANDARD = gnu11;
				GCC_NO_COMMON_BLOCKS = YES;
				GCC_WARN_64_TO_32_BIT_CONVERSION = YES;
				GCC_WARN_ABOUT_RETURN_TYPE = YES_ERROR;
				GCC_WARN_UNDECLARED_SELECTOR = YES;
				GCC_WARN_UNINITIALIZED_AUTOS = YES_AGGRESSIVE;
				GCC_WARN_UNUSED_FUNCTION = YES;
				GCC_WARN_UNUSED_VARIABLE = YES;
				IPHONEOS_DEPLOYMENT_TARGET = 14.4;
				MTL_ENABLE_DEBUG_INFO = NO;
				MTL_FAST_MATH = YES;
				SDKROOT = iphoneos;
				SWIFT_COMPILATION_MODE = wholemodule;
				SWIFT_OPTIMIZATION_LEVEL = "-O";
				VALIDATE_PRODUCT = YES;
			};
			name = Release;
		};
		2456B36A2602F8ED0090E379 /* Debug */ = {
			isa = XCBuildConfiguration;
			buildSettings = {
				ASSETCATALOG_COMPILER_APPICON_NAME = AppIcon;
				ASSETCATALOG_COMPILER_GLOBAL_ACCENT_COLOR_NAME = AccentColor;
				CODE_SIGN_STYLE = Automatic;
				DEVELOPMENT_TEAM = 929LF3XGVG;
				INFOPLIST_FILE = "finance copy-Info.plist";
				LD_RUNPATH_SEARCH_PATHS = (
					"$(inherited)",
					"@executable_path/Frameworks",
				);
				PRODUCT_BUNDLE_IDENTIFIER = com.idm.finance;
				PRODUCT_NAME = "$(TARGET_NAME)";
				SWIFT_VERSION = 5.0;
				TARGETED_DEVICE_FAMILY = 1;
			};
			name = Debug;
		};
		2456B36B2602F8ED0090E379 /* Release */ = {
			isa = XCBuildConfiguration;
			buildSettings = {
				ASSETCATALOG_COMPILER_APPICON_NAME = AppIcon;
				ASSETCATALOG_COMPILER_GLOBAL_ACCENT_COLOR_NAME = AccentColor;
				CODE_SIGN_STYLE = Automatic;
				DEVELOPMENT_TEAM = 929LF3XGVG;
				INFOPLIST_FILE = "finance copy-Info.plist";
				LD_RUNPATH_SEARCH_PATHS = (
					"$(inherited)",
					"@executable_path/Frameworks",
				);
				PRODUCT_BUNDLE_IDENTIFIER = com.idm.finance;
				PRODUCT_NAME = "$(TARGET_NAME)";
				SWIFT_VERSION = 5.0;
				TARGETED_DEVICE_FAMILY = 1;
			};
			name = Release;
		};
		2456B3B626032BE60090E379 /* Debug */ = {
			isa = XCBuildConfiguration;
			buildSettings = {
				ASSETCATALOG_COMPILER_APPICON_NAME = AppIcon;
				ASSETCATALOG_COMPILER_GLOBAL_ACCENT_COLOR_NAME = AccentColor;
				CODE_SIGN_STYLE = Automatic;
				DEVELOPMENT_TEAM = 929LF3XGVG;
				INFOPLIST_FILE = "production copy-Info.plist";
				LD_RUNPATH_SEARCH_PATHS = (
					"$(inherited)",
					"@executable_path/Frameworks",
				);
				PRODUCT_BUNDLE_IDENTIFIER = com.idm.finance;
				PRODUCT_NAME = "$(TARGET_NAME)";
				SWIFT_VERSION = 5.0;
				TARGETED_DEVICE_FAMILY = 1;
			};
			name = Debug;
		};
		2456B3B726032BE60090E379 /* Release */ = {
			isa = XCBuildConfiguration;
			buildSettings = {
				ASSETCATALOG_COMPILER_APPICON_NAME = AppIcon;
				ASSETCATALOG_COMPILER_GLOBAL_ACCENT_COLOR_NAME = AccentColor;
				CODE_SIGN_STYLE = Automatic;
				DEVELOPMENT_TEAM = 929LF3XGVG;
				INFOPLIST_FILE = "production copy-Info.plist";
				LD_RUNPATH_SEARCH_PATHS = (
					"$(inherited)",
					"@executable_path/Frameworks",
				);
				PRODUCT_BUNDLE_IDENTIFIER = com.idm.finance;
				PRODUCT_NAME = "$(TARGET_NAME)";
				SWIFT_VERSION = 5.0;
				TARGETED_DEVICE_FAMILY = 1;
			};
			name = Release;
		};
/* End XCBuildConfiguration section */

/* Begin XCConfigurationList section */
		2456B3422602ED140090E379 /* Build configuration list for PBXProject "finance" */ = {
			isa = XCConfigurationList;
			buildConfigurations = (
				2456B3592602ED170090E379 /* Debug */,
				2456B35A2602ED170090E379 /* Release */,
			);
			defaultConfigurationIsVisible = 0;
			defaultConfigurationName = Release;
		};
		2456B3692602F8ED0090E379 /* Build configuration list for PBXNativeTarget "production" */ = {
			isa = XCConfigurationList;
			buildConfigurations = (
				2456B36A2602F8ED0090E379 /* Debug */,
				2456B36B2602F8ED0090E379 /* Release */,
			);
			defaultConfigurationIsVisible = 0;
			defaultConfigurationName = Release;
		};
		2456B3B526032BE60090E379 /* Build configuration list for PBXNativeTarget "finance" */ = {
			isa = XCConfigurationList;
			buildConfigurations = (
				2456B3B626032BE60090E379 /* Debug */,
				2456B3B726032BE60090E379 /* Release */,
			);
			defaultConfigurationIsVisible = 0;
			defaultConfigurationName = Release;
		};
/* End XCConfigurationList section */
	};
	rootObject = 2456B33F2602ED140090E379 /* Project object */;
}
